
Microsoft Visual Studio Solution File, Format Version 12.00
# Visual Studio Version 17
VisualStudioVersion = 17.3.32922.545
MinimumVisualStudioVersion = 10.0.40219.1
Project("{FAE04EC0-301F-11D3-BF4B-00C04F79EFBC}") = "Sample607", "Sample607\Sample607.csproj", "{B9CBD27F-5FC6-4F59-A236-5CC53F4BBBEA}"
EndProject
Global
	GlobalSection(SolutionConfigurationPlatforms) = preSolution
		Debug|Any CPU = Debug|Any CPU
		Release|Any CPU = Release|Any CPU
	EndGlobalSection
	GlobalSection(ProjectConfigurationPlatforms) = postSolution
		{B9CBD27F-5FC6-4F59-A236-5CC53F4BBBEA}.Debug|Any CPU.ActiveCfg = Debug|Any CPU
		{B9CBD27F-5FC6-4F59-A236-5CC53F4BBBEA}.Debug|Any CPU.Build.0 = Debug|Any CPU
		{B9CBD27F-5FC6-4F59-A236-5CC53F4BBBEA}.Release|Any CPU.ActiveCfg = Release|Any CPU
		{B9CBD27F-5FC6-4F59-A236-5CC53F4BBBEA}.Release|Any CPU.Build.0 = Release|Any CPU
	EndGlobalSection
	GlobalSection(SolutionProperties) = preSolution
		HideSolutionNode = FALSE
	EndGlobalSection
	GlobalSection(ExtensibilityGlobals) = postSolution
		SolutionGuid = {17E73466-CE77-4FB0-8BEB-903E7505476A}
	EndGlobalSection
EndGlobal
