
Microsoft Visual Studio Solution File, Format Version 12.00
# Visual Studio Version 17
VisualStudioVersion = 17.3.32922.545
MinimumVisualStudioVersion = 10.0.40219.1
Project("{FAE04EC0-301F-11D3-BF4B-00C04F79EFBC}") = "Example422", "Example422\Example422.csproj", "{F072BD30-2554-46F1-B3BA-73337EEFAB8F}"
EndProject
Global
	GlobalSection(SolutionConfigurationPlatforms) = preSolution
		Debug|Any CPU = Debug|Any CPU
		Release|Any CPU = Release|Any CPU
	EndGlobalSection
	GlobalSection(ProjectConfigurationPlatforms) = postSolution
		{F072BD30-2554-46F1-B3BA-73337EEFAB8F}.Debug|Any CPU.ActiveCfg = Debug|Any CPU
		{F072BD30-2554-46F1-B3BA-73337EEFAB8F}.Debug|Any CPU.Build.0 = Debug|Any CPU
		{F072BD30-2554-46F1-B3BA-73337EEFAB8F}.Release|Any CPU.ActiveCfg = Release|Any CPU
		{F072BD30-2554-46F1-B3BA-73337EEFAB8F}.Release|Any CPU.Build.0 = Release|Any CPU
	EndGlobalSection
	GlobalSection(SolutionProperties) = preSolution
		HideSolutionNode = FALSE
	EndGlobalSection
	GlobalSection(ExtensibilityGlobals) = postSolution
		SolutionGuid = {EE05A809-F733-4AE4-A681-136770F35B6F}
	EndGlobalSection
EndGlobal
