
Microsoft Visual Studio Solution File, Format Version 12.00
# Visual Studio Version 17
VisualStudioVersion = 17.3.32922.545
MinimumVisualStudioVersion = 10.0.40219.1
Project("{FAE04EC0-301F-11D3-BF4B-00C04F79EFBC}") = "Example202", "Example202\Example202.csproj", "{BE67B7ED-6B41-4F40-86FE-CF4FB882445E}"
EndProject
Global
	GlobalSection(SolutionConfigurationPlatforms) = preSolution
		Debug|Any CPU = Debug|Any CPU
		Release|Any CPU = Release|Any CPU
	EndGlobalSection
	GlobalSection(ProjectConfigurationPlatforms) = postSolution
		{BE67B7ED-6B41-4F40-86FE-CF4FB882445E}.Debug|Any CPU.ActiveCfg = Debug|Any CPU
		{BE67B7ED-6B41-4F40-86FE-CF4FB882445E}.Debug|Any CPU.Build.0 = Debug|Any CPU
		{BE67B7ED-6B41-4F40-86FE-CF4FB882445E}.Release|Any CPU.ActiveCfg = Release|Any CPU
		{BE67B7ED-6B41-4F40-86FE-CF4FB882445E}.Release|Any CPU.Build.0 = Release|Any CPU
	EndGlobalSection
	GlobalSection(SolutionProperties) = preSolution
		HideSolutionNode = FALSE
	EndGlobalSection
	GlobalSection(ExtensibilityGlobals) = postSolution
		SolutionGuid = {24D6C04B-25A5-487E-A686-C6AB880FC39A}
	EndGlobalSection
EndGlobal
