
Microsoft Visual Studio Solution File, Format Version 12.00
# Visual Studio Version 17
VisualStudioVersion = 17.3.32922.545
MinimumVisualStudioVersion = 10.0.40219.1
Project("{FAE04EC0-301F-11D3-BF4B-00C04F79EFBC}") = "Example315", "Example315\Example315.csproj", "{ED4E802D-1E7B-4D51-8ADD-E7E2DC8FEF05}"
EndProject
Global
	GlobalSection(SolutionConfigurationPlatforms) = preSolution
		Debug|Any CPU = Debug|Any CPU
		Release|Any CPU = Release|Any CPU
	EndGlobalSection
	GlobalSection(ProjectConfigurationPlatforms) = postSolution
		{ED4E802D-1E7B-4D51-8ADD-E7E2DC8FEF05}.Debug|Any CPU.ActiveCfg = Debug|Any CPU
		{ED4E802D-1E7B-4D51-8ADD-E7E2DC8FEF05}.Debug|Any CPU.Build.0 = Debug|Any CPU
		{ED4E802D-1E7B-4D51-8ADD-E7E2DC8FEF05}.Release|Any CPU.ActiveCfg = Release|Any CPU
		{ED4E802D-1E7B-4D51-8ADD-E7E2DC8FEF05}.Release|Any CPU.Build.0 = Release|Any CPU
	EndGlobalSection
	GlobalSection(SolutionProperties) = preSolution
		HideSolutionNode = FALSE
	EndGlobalSection
	GlobalSection(ExtensibilityGlobals) = postSolution
		SolutionGuid = {85C3C0C4-B5EA-4AA7-9FDF-54EA9A76AC73}
	EndGlobalSection
EndGlobal
