
Microsoft Visual Studio Solution File, Format Version 12.00
# Visual Studio Version 17
VisualStudioVersion = 17.3.32922.545
MinimumVisualStudioVersion = 10.0.40219.1
Project("{FAE04EC0-301F-11D3-BF4B-00C04F79EFBC}") = "Example512", "Example512\Example512.csproj", "{21EEE23D-BF54-40D5-87C3-4B09DD915CBF}"
EndProject
Global
	GlobalSection(SolutionConfigurationPlatforms) = preSolution
		Debug|Any CPU = Debug|Any CPU
		Release|Any CPU = Release|Any CPU
	EndGlobalSection
	GlobalSection(ProjectConfigurationPlatforms) = postSolution
		{21EEE23D-BF54-40D5-87C3-4B09DD915CBF}.Debug|Any CPU.ActiveCfg = Debug|Any CPU
		{21EEE23D-BF54-40D5-87C3-4B09DD915CBF}.Debug|Any CPU.Build.0 = Debug|Any CPU
		{21EEE23D-BF54-40D5-87C3-4B09DD915CBF}.Release|Any CPU.ActiveCfg = Release|Any CPU
		{21EEE23D-BF54-40D5-87C3-4B09DD915CBF}.Release|Any CPU.Build.0 = Release|Any CPU
	EndGlobalSection
	GlobalSection(SolutionProperties) = preSolution
		HideSolutionNode = FALSE
	EndGlobalSection
	GlobalSection(ExtensibilityGlobals) = postSolution
		SolutionGuid = {8D6DFC4D-D18F-4651-B97D-FC73D1DF9D33}
	EndGlobalSection
EndGlobal
