
Microsoft Visual Studio Solution File, Format Version 12.00
# Visual Studio Version 17
VisualStudioVersion = 17.3.32922.545
MinimumVisualStudioVersion = 10.0.40219.1
Project("{FAE04EC0-301F-11D3-BF4B-00C04F79EFBC}") = "Example221", "Example221\Example221.csproj", "{52967610-0340-4354-8D40-911C1CD67D4F}"
EndProject
Global
	GlobalSection(SolutionConfigurationPlatforms) = preSolution
		Debug|Any CPU = Debug|Any CPU
		Release|Any CPU = Release|Any CPU
	EndGlobalSection
	GlobalSection(ProjectConfigurationPlatforms) = postSolution
		{52967610-0340-4354-8D40-911C1CD67D4F}.Debug|Any CPU.ActiveCfg = Debug|Any CPU
		{52967610-0340-4354-8D40-911C1CD67D4F}.Debug|Any CPU.Build.0 = Debug|Any CPU
		{52967610-0340-4354-8D40-911C1CD67D4F}.Release|Any CPU.ActiveCfg = Release|Any CPU
		{52967610-0340-4354-8D40-911C1CD67D4F}.Release|Any CPU.Build.0 = Release|Any CPU
	EndGlobalSection
	GlobalSection(SolutionProperties) = preSolution
		HideSolutionNode = FALSE
	EndGlobalSection
	GlobalSection(ExtensibilityGlobals) = postSolution
		SolutionGuid = {BC1602E3-EC9C-46D5-85BC-3336AA65CD9A}
	EndGlobalSection
EndGlobal
