
Microsoft Visual Studio Solution File, Format Version 12.00
# Visual Studio Version 17
VisualStudioVersion = 17.3.32922.545
MinimumVisualStudioVersion = 10.0.40219.1
Project("{FAE04EC0-301F-11D3-BF4B-00C04F79EFBC}") = "Sample209", "Sample209\Sample209.csproj", "{FEC2E422-953E-43F2-B5E4-F715F6F35283}"
EndProject
Global
	GlobalSection(SolutionConfigurationPlatforms) = preSolution
		Debug|Any CPU = Debug|Any CPU
		Release|Any CPU = Release|Any CPU
	EndGlobalSection
	GlobalSection(ProjectConfigurationPlatforms) = postSolution
		{FEC2E422-953E-43F2-B5E4-F715F6F35283}.Debug|Any CPU.ActiveCfg = Debug|Any CPU
		{FEC2E422-953E-43F2-B5E4-F715F6F35283}.Debug|Any CPU.Build.0 = Debug|Any CPU
		{FEC2E422-953E-43F2-B5E4-F715F6F35283}.Release|Any CPU.ActiveCfg = Release|Any CPU
		{FEC2E422-953E-43F2-B5E4-F715F6F35283}.Release|Any CPU.Build.0 = Release|Any CPU
	EndGlobalSection
	GlobalSection(SolutionProperties) = preSolution
		HideSolutionNode = FALSE
	EndGlobalSection
	GlobalSection(ExtensibilityGlobals) = postSolution
		SolutionGuid = {6D4EE966-8484-47E0-9BD3-A1E8FCA89BD7}
	EndGlobalSection
EndGlobal
