
Microsoft Visual Studio Solution File, Format Version 12.00
# Visual Studio Version 17
VisualStudioVersion = 17.3.32922.545
MinimumVisualStudioVersion = 10.0.40219.1
Project("{FAE04EC0-301F-11D3-BF4B-00C04F79EFBC}") = "Example611", "Example611\Example611.csproj", "{AAE3F0A2-ECD1-4A76-B6A8-F4FF8CC0AF50}"
EndProject
Global
	GlobalSection(SolutionConfigurationPlatforms) = preSolution
		Debug|Any CPU = Debug|Any CPU
		Release|Any CPU = Release|Any CPU
	EndGlobalSection
	GlobalSection(ProjectConfigurationPlatforms) = postSolution
		{AAE3F0A2-ECD1-4A76-B6A8-F4FF8CC0AF50}.Debug|Any CPU.ActiveCfg = Debug|Any CPU
		{AAE3F0A2-ECD1-4A76-B6A8-F4FF8CC0AF50}.Debug|Any CPU.Build.0 = Debug|Any CPU
		{AAE3F0A2-ECD1-4A76-B6A8-F4FF8CC0AF50}.Release|Any CPU.ActiveCfg = Release|Any CPU
		{AAE3F0A2-ECD1-4A76-B6A8-F4FF8CC0AF50}.Release|Any CPU.Build.0 = Release|Any CPU
	EndGlobalSection
	GlobalSection(SolutionProperties) = preSolution
		HideSolutionNode = FALSE
	EndGlobalSection
	GlobalSection(ExtensibilityGlobals) = postSolution
		SolutionGuid = {1B850C3C-AC0E-46DD-B960-B0FCA2074D4D}
	EndGlobalSection
EndGlobal
