
Microsoft Visual Studio Solution File, Format Version 12.00
# Visual Studio Version 17
VisualStudioVersion = 17.3.32922.545
MinimumVisualStudioVersion = 10.0.40219.1
Project("{FAE04EC0-301F-11D3-BF4B-00C04F79EFBC}") = "Sample205", "Sample205\Sample205.csproj", "{B57275DF-6AAB-4743-A7D9-0A8B85AC8E87}"
EndProject
Global
	GlobalSection(SolutionConfigurationPlatforms) = preSolution
		Debug|Any CPU = Debug|Any CPU
		Release|Any CPU = Release|Any CPU
	EndGlobalSection
	GlobalSection(ProjectConfigurationPlatforms) = postSolution
		{B57275DF-6AAB-4743-A7D9-0A8B85AC8E87}.Debug|Any CPU.ActiveCfg = Debug|Any CPU
		{B57275DF-6AAB-4743-A7D9-0A8B85AC8E87}.Debug|Any CPU.Build.0 = Debug|Any CPU
		{B57275DF-6AAB-4743-A7D9-0A8B85AC8E87}.Release|Any CPU.ActiveCfg = Release|Any CPU
		{B57275DF-6AAB-4743-A7D9-0A8B85AC8E87}.Release|Any CPU.Build.0 = Release|Any CPU
	EndGlobalSection
	GlobalSection(SolutionProperties) = preSolution
		HideSolutionNode = FALSE
	EndGlobalSection
	GlobalSection(ExtensibilityGlobals) = postSolution
		SolutionGuid = {732C9E03-D50C-4D54-8990-81492B70122D}
	EndGlobalSection
EndGlobal
