
Microsoft Visual Studio Solution File, Format Version 12.00
# Visual Studio Version 17
VisualStudioVersion = 17.3.32922.545
MinimumVisualStudioVersion = 10.0.40219.1
Project("{FAE04EC0-301F-11D3-BF4B-00C04F79EFBC}") = "Example742", "Example742\Example742.csproj", "{6926357B-2444-4353-84DD-F1239BAD12CD}"
EndProject
Global
	GlobalSection(SolutionConfigurationPlatforms) = preSolution
		Debug|Any CPU = Debug|Any CPU
		Release|Any CPU = Release|Any CPU
	EndGlobalSection
	GlobalSection(ProjectConfigurationPlatforms) = postSolution
		{6926357B-2444-4353-84DD-F1239BAD12CD}.Debug|Any CPU.ActiveCfg = Debug|Any CPU
		{6926357B-2444-4353-84DD-F1239BAD12CD}.Debug|Any CPU.Build.0 = Debug|Any CPU
		{6926357B-2444-4353-84DD-F1239BAD12CD}.Release|Any CPU.ActiveCfg = Release|Any CPU
		{6926357B-2444-4353-84DD-F1239BAD12CD}.Release|Any CPU.Build.0 = Release|Any CPU
	EndGlobalSection
	GlobalSection(SolutionProperties) = preSolution
		HideSolutionNode = FALSE
	EndGlobalSection
	GlobalSection(ExtensibilityGlobals) = postSolution
		SolutionGuid = {E7D1A113-A097-4FC0-8C40-A2F513D708B3}
	EndGlobalSection
EndGlobal
