
Microsoft Visual Studio Solution File, Format Version 12.00
# Visual Studio Version 17
VisualStudioVersion = 17.3.32922.545
MinimumVisualStudioVersion = 10.0.40219.1
Project("{FAE04EC0-301F-11D3-BF4B-00C04F79EFBC}") = "Sample202", "Sample202\Sample202.csproj", "{2D48CA7A-5B7D-4AAD-855A-1AC89C4F19CC}"
EndProject
Global
	GlobalSection(SolutionConfigurationPlatforms) = preSolution
		Debug|Any CPU = Debug|Any CPU
		Release|Any CPU = Release|Any CPU
	EndGlobalSection
	GlobalSection(ProjectConfigurationPlatforms) = postSolution
		{2D48CA7A-5B7D-4AAD-855A-1AC89C4F19CC}.Debug|Any CPU.ActiveCfg = Debug|Any CPU
		{2D48CA7A-5B7D-4AAD-855A-1AC89C4F19CC}.Debug|Any CPU.Build.0 = Debug|Any CPU
		{2D48CA7A-5B7D-4AAD-855A-1AC89C4F19CC}.Release|Any CPU.ActiveCfg = Release|Any CPU
		{2D48CA7A-5B7D-4AAD-855A-1AC89C4F19CC}.Release|Any CPU.Build.0 = Release|Any CPU
	EndGlobalSection
	GlobalSection(SolutionProperties) = preSolution
		HideSolutionNode = FALSE
	EndGlobalSection
	GlobalSection(ExtensibilityGlobals) = postSolution
		SolutionGuid = {828F4F29-DFF0-4D8D-9911-FC84865D1DBA}
	EndGlobalSection
EndGlobal
