
Microsoft Visual Studio Solution File, Format Version 12.00
# Visual Studio Version 17
VisualStudioVersion = 17.3.32922.545
MinimumVisualStudioVersion = 10.0.40219.1
Project("{FAE04EC0-301F-11D3-BF4B-00C04F79EFBC}") = "Sample404", "Sample404\Sample404.csproj", "{94545C5B-6814-4E15-8E2C-F66063219E48}"
EndProject
Global
	GlobalSection(SolutionConfigurationPlatforms) = preSolution
		Debug|Any CPU = Debug|Any CPU
		Release|Any CPU = Release|Any CPU
	EndGlobalSection
	GlobalSection(ProjectConfigurationPlatforms) = postSolution
		{94545C5B-6814-4E15-8E2C-F66063219E48}.Debug|Any CPU.ActiveCfg = Debug|Any CPU
		{94545C5B-6814-4E15-8E2C-F66063219E48}.Debug|Any CPU.Build.0 = Debug|Any CPU
		{94545C5B-6814-4E15-8E2C-F66063219E48}.Release|Any CPU.ActiveCfg = Release|Any CPU
		{94545C5B-6814-4E15-8E2C-F66063219E48}.Release|Any CPU.Build.0 = Release|Any CPU
	EndGlobalSection
	GlobalSection(SolutionProperties) = preSolution
		HideSolutionNode = FALSE
	EndGlobalSection
	GlobalSection(ExtensibilityGlobals) = postSolution
		SolutionGuid = {519D24AE-449E-4D46-9A08-15F0B8F692B8}
	EndGlobalSection
EndGlobal
