
Microsoft Visual Studio Solution File, Format Version 12.00
# Visual Studio Version 17
VisualStudioVersion = 17.3.32922.545
MinimumVisualStudioVersion = 10.0.40219.1
Project("{FAE04EC0-301F-11D3-BF4B-00C04F79EFBC}") = "Sample508", "Sample508\Sample508.csproj", "{C3E6A55F-F387-4DD0-8D02-B340DFF04161}"
EndProject
Global
	GlobalSection(SolutionConfigurationPlatforms) = preSolution
		Debug|Any CPU = Debug|Any CPU
		Release|Any CPU = Release|Any CPU
	EndGlobalSection
	GlobalSection(ProjectConfigurationPlatforms) = postSolution
		{C3E6A55F-F387-4DD0-8D02-B340DFF04161}.Debug|Any CPU.ActiveCfg = Debug|Any CPU
		{C3E6A55F-F387-4DD0-8D02-B340DFF04161}.Debug|Any CPU.Build.0 = Debug|Any CPU
		{C3E6A55F-F387-4DD0-8D02-B340DFF04161}.Release|Any CPU.ActiveCfg = Release|Any CPU
		{C3E6A55F-F387-4DD0-8D02-B340DFF04161}.Release|Any CPU.Build.0 = Release|Any CPU
	EndGlobalSection
	GlobalSection(SolutionProperties) = preSolution
		HideSolutionNode = FALSE
	EndGlobalSection
	GlobalSection(ExtensibilityGlobals) = postSolution
		SolutionGuid = {C2CB5A82-EBC5-4BDB-AD17-889634CF52D3}
	EndGlobalSection
EndGlobal
