
Microsoft Visual Studio Solution File, Format Version 12.00
# Visual Studio Version 17
VisualStudioVersion = 17.3.32922.545
MinimumVisualStudioVersion = 10.0.40219.1
Project("{FAE04EC0-301F-11D3-BF4B-00C04F79EFBC}") = "Example716", "Example716\Example716.csproj", "{5C136F6A-8C37-4C63-A021-B282F2E28DCB}"
EndProject
Global
	GlobalSection(SolutionConfigurationPlatforms) = preSolution
		Debug|Any CPU = Debug|Any CPU
		Release|Any CPU = Release|Any CPU
	EndGlobalSection
	GlobalSection(ProjectConfigurationPlatforms) = postSolution
		{5C136F6A-8C37-4C63-A021-B282F2E28DCB}.Debug|Any CPU.ActiveCfg = Debug|Any CPU
		{5C136F6A-8C37-4C63-A021-B282F2E28DCB}.Debug|Any CPU.Build.0 = Debug|Any CPU
		{5C136F6A-8C37-4C63-A021-B282F2E28DCB}.Release|Any CPU.ActiveCfg = Release|Any CPU
		{5C136F6A-8C37-4C63-A021-B282F2E28DCB}.Release|Any CPU.Build.0 = Release|Any CPU
	EndGlobalSection
	GlobalSection(SolutionProperties) = preSolution
		HideSolutionNode = FALSE
	EndGlobalSection
	GlobalSection(ExtensibilityGlobals) = postSolution
		SolutionGuid = {7D797500-028C-4E74-BF6A-677C6FFC17F9}
	EndGlobalSection
EndGlobal
