
Microsoft Visual Studio Solution File, Format Version 12.00
# Visual Studio Version 17
VisualStudioVersion = 17.3.32922.545
MinimumVisualStudioVersion = 10.0.40219.1
Project("{FAE04EC0-301F-11D3-BF4B-00C04F79EFBC}") = "Example714", "Example714\Example714.csproj", "{17B9E7DC-9E24-436F-B46F-CD87D4CC32FF}"
EndProject
Global
	GlobalSection(SolutionConfigurationPlatforms) = preSolution
		Debug|Any CPU = Debug|Any CPU
		Release|Any CPU = Release|Any CPU
	EndGlobalSection
	GlobalSection(ProjectConfigurationPlatforms) = postSolution
		{17B9E7DC-9E24-436F-B46F-CD87D4CC32FF}.Debug|Any CPU.ActiveCfg = Debug|Any CPU
		{17B9E7DC-9E24-436F-B46F-CD87D4CC32FF}.Debug|Any CPU.Build.0 = Debug|Any CPU
		{17B9E7DC-9E24-436F-B46F-CD87D4CC32FF}.Release|Any CPU.ActiveCfg = Release|Any CPU
		{17B9E7DC-9E24-436F-B46F-CD87D4CC32FF}.Release|Any CPU.Build.0 = Release|Any CPU
	EndGlobalSection
	GlobalSection(SolutionProperties) = preSolution
		HideSolutionNode = FALSE
	EndGlobalSection
	GlobalSection(ExtensibilityGlobals) = postSolution
		SolutionGuid = {CC6F6517-E9D5-46F3-A0E0-B0E5002A0998}
	EndGlobalSection
EndGlobal
