
Microsoft Visual Studio Solution File, Format Version 12.00
# Visual Studio Version 17
VisualStudioVersion = 17.3.32922.545
MinimumVisualStudioVersion = 10.0.40219.1
Project("{FAE04EC0-301F-11D3-BF4B-00C04F79EFBC}") = "Example313", "Example313\Example313.csproj", "{93BA46FA-B624-4072-B1D1-D1ED18836E8B}"
EndProject
Global
	GlobalSection(SolutionConfigurationPlatforms) = preSolution
		Debug|Any CPU = Debug|Any CPU
		Release|Any CPU = Release|Any CPU
	EndGlobalSection
	GlobalSection(ProjectConfigurationPlatforms) = postSolution
		{93BA46FA-B624-4072-B1D1-D1ED18836E8B}.Debug|Any CPU.ActiveCfg = Debug|Any CPU
		{93BA46FA-B624-4072-B1D1-D1ED18836E8B}.Debug|Any CPU.Build.0 = Debug|Any CPU
		{93BA46FA-B624-4072-B1D1-D1ED18836E8B}.Release|Any CPU.ActiveCfg = Release|Any CPU
		{93BA46FA-B624-4072-B1D1-D1ED18836E8B}.Release|Any CPU.Build.0 = Release|Any CPU
	EndGlobalSection
	GlobalSection(SolutionProperties) = preSolution
		HideSolutionNode = FALSE
	EndGlobalSection
	GlobalSection(ExtensibilityGlobals) = postSolution
		SolutionGuid = {22E36B25-2662-49D9-92AD-04EDDFEE6F76}
	EndGlobalSection
EndGlobal
