
Microsoft Visual Studio Solution File, Format Version 12.00
# Visual Studio Version 17
VisualStudioVersion = 17.3.32922.545
MinimumVisualStudioVersion = 10.0.40219.1
Project("{FAE04EC0-301F-11D3-BF4B-00C04F79EFBC}") = "Example731", "Example731\Example731.csproj", "{C79DA258-5FFF-4E87-9A86-1F638B326ED0}"
EndProject
Global
	GlobalSection(SolutionConfigurationPlatforms) = preSolution
		Debug|Any CPU = Debug|Any CPU
		Release|Any CPU = Release|Any CPU
	EndGlobalSection
	GlobalSection(ProjectConfigurationPlatforms) = postSolution
		{C79DA258-5FFF-4E87-9A86-1F638B326ED0}.Debug|Any CPU.ActiveCfg = Debug|Any CPU
		{C79DA258-5FFF-4E87-9A86-1F638B326ED0}.Debug|Any CPU.Build.0 = Debug|Any CPU
		{C79DA258-5FFF-4E87-9A86-1F638B326ED0}.Release|Any CPU.ActiveCfg = Release|Any CPU
		{C79DA258-5FFF-4E87-9A86-1F638B326ED0}.Release|Any CPU.Build.0 = Release|Any CPU
	EndGlobalSection
	GlobalSection(SolutionProperties) = preSolution
		HideSolutionNode = FALSE
	EndGlobalSection
	GlobalSection(ExtensibilityGlobals) = postSolution
		SolutionGuid = {BE1C089A-888C-4A51-879A-7496E0E2FC0E}
	EndGlobalSection
EndGlobal
