
Microsoft Visual Studio Solution File, Format Version 12.00
# Visual Studio Version 17
VisualStudioVersion = 17.3.32922.545
MinimumVisualStudioVersion = 10.0.40219.1
Project("{FAE04EC0-301F-11D3-BF4B-00C04F79EFBC}") = "Example744", "Example744\Example744.csproj", "{D28E8D8C-3478-41B6-8E17-E82E2554D261}"
EndProject
Global
	GlobalSection(SolutionConfigurationPlatforms) = preSolution
		Debug|Any CPU = Debug|Any CPU
		Release|Any CPU = Release|Any CPU
	EndGlobalSection
	GlobalSection(ProjectConfigurationPlatforms) = postSolution
		{D28E8D8C-3478-41B6-8E17-E82E2554D261}.Debug|Any CPU.ActiveCfg = Debug|Any CPU
		{D28E8D8C-3478-41B6-8E17-E82E2554D261}.Debug|Any CPU.Build.0 = Debug|Any CPU
		{D28E8D8C-3478-41B6-8E17-E82E2554D261}.Release|Any CPU.ActiveCfg = Release|Any CPU
		{D28E8D8C-3478-41B6-8E17-E82E2554D261}.Release|Any CPU.Build.0 = Release|Any CPU
	EndGlobalSection
	GlobalSection(SolutionProperties) = preSolution
		HideSolutionNode = FALSE
	EndGlobalSection
	GlobalSection(ExtensibilityGlobals) = postSolution
		SolutionGuid = {E6D5E30F-0C61-4741-8315-7DDF6E58A66A}
	EndGlobalSection
EndGlobal
