
Microsoft Visual Studio Solution File, Format Version 12.00
# Visual Studio Version 17
VisualStudioVersion = 17.3.32922.545
MinimumVisualStudioVersion = 10.0.40219.1
Project("{FAE04EC0-301F-11D3-BF4B-00C04F79EFBC}") = "Sample507", "Sample507\Sample507.csproj", "{8D9E2158-9AD9-4C40-A8D6-B7616D91F42A}"
EndProject
Global
	GlobalSection(SolutionConfigurationPlatforms) = preSolution
		Debug|Any CPU = Debug|Any CPU
		Release|Any CPU = Release|Any CPU
	EndGlobalSection
	GlobalSection(ProjectConfigurationPlatforms) = postSolution
		{8D9E2158-9AD9-4C40-A8D6-B7616D91F42A}.Debug|Any CPU.ActiveCfg = Debug|Any CPU
		{8D9E2158-9AD9-4C40-A8D6-B7616D91F42A}.Debug|Any CPU.Build.0 = Debug|Any CPU
		{8D9E2158-9AD9-4C40-A8D6-B7616D91F42A}.Release|Any CPU.ActiveCfg = Release|Any CPU
		{8D9E2158-9AD9-4C40-A8D6-B7616D91F42A}.Release|Any CPU.Build.0 = Release|Any CPU
	EndGlobalSection
	GlobalSection(SolutionProperties) = preSolution
		HideSolutionNode = FALSE
	EndGlobalSection
	GlobalSection(ExtensibilityGlobals) = postSolution
		SolutionGuid = {754B3740-B5DF-4831-9C07-3F8E9F699DEA}
	EndGlobalSection
EndGlobal
