
Microsoft Visual Studio Solution File, Format Version 12.00
# Visual Studio Version 17
VisualStudioVersion = 17.3.32922.545
MinimumVisualStudioVersion = 10.0.40219.1
Project("{FAE04EC0-301F-11D3-BF4B-00C04F79EFBC}") = "Sample402", "Sample402\Sample402.csproj", "{58D01DE3-57B8-4F8E-A877-5A9F5BE611E0}"
EndProject
Global
	GlobalSection(SolutionConfigurationPlatforms) = preSolution
		Debug|Any CPU = Debug|Any CPU
		Release|Any CPU = Release|Any CPU
	EndGlobalSection
	GlobalSection(ProjectConfigurationPlatforms) = postSolution
		{58D01DE3-57B8-4F8E-A877-5A9F5BE611E0}.Debug|Any CPU.ActiveCfg = Debug|Any CPU
		{58D01DE3-57B8-4F8E-A877-5A9F5BE611E0}.Debug|Any CPU.Build.0 = Debug|Any CPU
		{58D01DE3-57B8-4F8E-A877-5A9F5BE611E0}.Release|Any CPU.ActiveCfg = Release|Any CPU
		{58D01DE3-57B8-4F8E-A877-5A9F5BE611E0}.Release|Any CPU.Build.0 = Release|Any CPU
	EndGlobalSection
	GlobalSection(SolutionProperties) = preSolution
		HideSolutionNode = FALSE
	EndGlobalSection
	GlobalSection(ExtensibilityGlobals) = postSolution
		SolutionGuid = {C3278DC5-9BF9-4472-97B0-88453BAD9B44}
	EndGlobalSection
EndGlobal
