
Microsoft Visual Studio Solution File, Format Version 12.00
# Visual Studio Version 17
VisualStudioVersion = 17.3.32922.545
MinimumVisualStudioVersion = 10.0.40219.1
Project("{FAE04EC0-301F-11D3-BF4B-00C04F79EFBC}") = "Sample403", "Sample403\Sample403.csproj", "{58B59AD1-F75E-4F10-BB57-D23012CBC497}"
EndProject
Global
	GlobalSection(SolutionConfigurationPlatforms) = preSolution
		Debug|Any CPU = Debug|Any CPU
		Release|Any CPU = Release|Any CPU
	EndGlobalSection
	GlobalSection(ProjectConfigurationPlatforms) = postSolution
		{58B59AD1-F75E-4F10-BB57-D23012CBC497}.Debug|Any CPU.ActiveCfg = Debug|Any CPU
		{58B59AD1-F75E-4F10-BB57-D23012CBC497}.Debug|Any CPU.Build.0 = Debug|Any CPU
		{58B59AD1-F75E-4F10-BB57-D23012CBC497}.Release|Any CPU.ActiveCfg = Release|Any CPU
		{58B59AD1-F75E-4F10-BB57-D23012CBC497}.Release|Any CPU.Build.0 = Release|Any CPU
	EndGlobalSection
	GlobalSection(SolutionProperties) = preSolution
		HideSolutionNode = FALSE
	EndGlobalSection
	GlobalSection(ExtensibilityGlobals) = postSolution
		SolutionGuid = {4DEF2352-2379-4C9F-8579-137C69A6E817}
	EndGlobalSection
EndGlobal
